
Microsoft Visual Studio Solution File, Format Version 12.00
# Visual Studio 14
VisualStudioVersion = 14.0.23107.0
MinimumVisualStudioVersion = 10.0.40219.1
Project("{FAE04EC0-301F-11D3-BF4B-00C04F79EFBC}") = "DesktopClient", "DesktopClient\DesktopClient.csproj", "{CEAA4989-A224-4C25-B2C1-B5383C4D8B30}"
EndProject
Project("{FAE04EC0-301F-11D3-BF4B-00C04F79EFBC}") = "StatsServer", "StatsServer\StatsServer.csproj", "{29A73332-2945-4CBC-AD59-884611C8BD9D}"
EndProject
Global
	GlobalSection(SolutionConfigurationPlatforms) = preSolution
		Debug|Any CPU = Debug|Any CPU
		Release|Any CPU = Release|Any CPU
	EndGlobalSection
	GlobalSection(ProjectConfigurationPlatforms) = postSolution
		{CEAA4989-A224-4C25-B2C1-B5383C4D8B30}.Debug|Any CPU.ActiveCfg = Debug|Any CPU
		{CEAA4989-A224-4C25-B2C1-B5383C4D8B30}.Debug|Any CPU.Build.0 = Debug|Any CPU
		{CEAA4989-A224-4C25-B2C1-B5383C4D8B30}.Release|Any CPU.ActiveCfg = Release|Any CPU
		{CEAA4989-A224-4C25-B2C1-B5383C4D8B30}.Release|Any CPU.Build.0 = Release|Any CPU
		{29A73332-2945-4CBC-AD59-884611C8BD9D}.Debug|Any CPU.ActiveCfg = Debug|Any CPU
		{29A73332-2945-4CBC-AD59-884611C8BD9D}.Debug|Any CPU.Build.0 = Debug|Any CPU
		{29A73332-2945-4CBC-AD59-884611C8BD9D}.Release|Any CPU.ActiveCfg = Release|Any CPU
		{29A73332-2945-4CBC-AD59-884611C8BD9D}.Release|Any CPU.Build.0 = Release|Any CPU
	EndGlobalSection
	GlobalSection(SolutionProperties) = preSolution
		HideSolutionNode = FALSE
	EndGlobalSection
EndGlobal
